
Microsoft Visual Studio Solution File, Format Version 12.00
# Visual Studio Version 16
VisualStudioVersion = 16.0.31025.194
MinimumVisualStudioVersion = 10.0.40219.1
Project("{FAE04EC0-301F-11D3-BF4B-00C04F79EFBC}") = "DindTheAngleV2", "DindTheAngleV2\DindTheAngleV2.csproj", "{858C0ED5-36AB-4687-AB3A-4185A063FB25}"
EndProject
Global
	GlobalSection(SolutionConfigurationPlatforms) = preSolution
		Debug|Any CPU = Debug|Any CPU
		Release|Any CPU = Release|Any CPU
	EndGlobalSection
	GlobalSection(ProjectConfigurationPlatforms) = postSolution
		{858C0ED5-36AB-4687-AB3A-4185A063FB25}.Debug|Any CPU.ActiveCfg = Debug|Any CPU
		{858C0ED5-36AB-4687-AB3A-4185A063FB25}.Debug|Any CPU.Build.0 = Debug|Any CPU
		{858C0ED5-36AB-4687-AB3A-4185A063FB25}.Release|Any CPU.ActiveCfg = Release|Any CPU
		{858C0ED5-36AB-4687-AB3A-4185A063FB25}.Release|Any CPU.Build.0 = Release|Any CPU
	EndGlobalSection
	GlobalSection(SolutionProperties) = preSolution
		HideSolutionNode = FALSE
	EndGlobalSection
	GlobalSection(ExtensibilityGlobals) = postSolution
		SolutionGuid = {6200903F-81CC-48BF-B9B6-9EF996644A1C}
	EndGlobalSection
EndGlobal
